
Microsoft Visual Studio Solution File, Format Version 12.00
# Visual Studio Version 17
VisualStudioVersion = 17.4.33205.214
MinimumVisualStudioVersion = 10.0.40219.1
Project("{9A19103F-16F7-4668-BE54-9A1E7A4F7556}") = "OpusOneServer", "OpusOneServer\OpusOneServer.csproj", "{010C7AA1-6C36-4188-A1A3-47899F91E169}"
EndProject
Project("{9A19103F-16F7-4668-BE54-9A1E7A4F7556}") = "OpusOneServerBL", "OpusOneServerBL\OpusOneServerBL.csproj", "{3C000710-0BA6-497E-9E71-EE8FAF5E315E}"
EndProject
Global
	GlobalSection(SolutionConfigurationPlatforms) = preSolution
		Debug|Any CPU = Debug|Any CPU
		Release|Any CPU = Release|Any CPU
	EndGlobalSection
	GlobalSection(ProjectConfigurationPlatforms) = postSolution
		{010C7AA1-6C36-4188-A1A3-47899F91E169}.Debug|Any CPU.ActiveCfg = Debug|Any CPU
		{010C7AA1-6C36-4188-A1A3-47899F91E169}.Debug|Any CPU.Build.0 = Debug|Any CPU
		{010C7AA1-6C36-4188-A1A3-47899F91E169}.Release|Any CPU.ActiveCfg = Release|Any CPU
		{010C7AA1-6C36-4188-A1A3-47899F91E169}.Release|Any CPU.Build.0 = Release|Any CPU
		{3C000710-0BA6-497E-9E71-EE8FAF5E315E}.Debug|Any CPU.ActiveCfg = Debug|Any CPU
		{3C000710-0BA6-497E-9E71-EE8FAF5E315E}.Debug|Any CPU.Build.0 = Debug|Any CPU
		{3C000710-0BA6-497E-9E71-EE8FAF5E315E}.Release|Any CPU.ActiveCfg = Release|Any CPU
		{3C000710-0BA6-497E-9E71-EE8FAF5E315E}.Release|Any CPU.Build.0 = Release|Any CPU
	EndGlobalSection
	GlobalSection(SolutionProperties) = preSolution
		HideSolutionNode = FALSE
	EndGlobalSection
	GlobalSection(ExtensibilityGlobals) = postSolution
		SolutionGuid = {5E028796-5D7A-448E-B92C-183AF7E0C554}
	EndGlobalSection
EndGlobal
